
Microsoft Visual Studio Solution File, Format Version 12.00
# Visual Studio Version 17
VisualStudioVersion = 17.9.34622.214
MinimumVisualStudioVersion = 10.0.40219.1
Project("{FAE04EC0-301F-11D3-BF4B-00C04F79EFBC}") = "LabWork3", "LabWork3\LabWork3.csproj", "{3B475A66-AE24-4838-A19E-97093ABBC8DC}"
EndProject
Global
	GlobalSection(SolutionConfigurationPlatforms) = preSolution
		Debug|Any CPU = Debug|Any CPU
		Release|Any CPU = Release|Any CPU
	EndGlobalSection
	GlobalSection(ProjectConfigurationPlatforms) = postSolution
		{3B475A66-AE24-4838-A19E-97093ABBC8DC}.Debug|Any CPU.ActiveCfg = Debug|Any CPU
		{3B475A66-AE24-4838-A19E-97093ABBC8DC}.Debug|Any CPU.Build.0 = Debug|Any CPU
		{3B475A66-AE24-4838-A19E-97093ABBC8DC}.Release|Any CPU.ActiveCfg = Release|Any CPU
		{3B475A66-AE24-4838-A19E-97093ABBC8DC}.Release|Any CPU.Build.0 = Release|Any CPU
	EndGlobalSection
	GlobalSection(SolutionProperties) = preSolution
		HideSolutionNode = FALSE
	EndGlobalSection
	GlobalSection(ExtensibilityGlobals) = postSolution
		SolutionGuid = {DEBBB78C-75C6-4210-A1F0-14F007595557}
	EndGlobalSection
EndGlobal
